
Microsoft Visual Studio Solution File, Format Version 12.00
# Visual Studio 15
VisualStudioVersion = 15.0.27004.2005
MinimumVisualStudioVersion = 10.0.40219.1
Project("{2150E333-8FDC-42A3-9474-1A3956D46DE8}") = "src", "src", "{1E175476-9F70-4365-9E5C-7AC5E837DF04}"
EndProject
Project("{9A19103F-16F7-4668-BE54-9A1E7A4F7556}") = "PlainConceptsWebDayMadrid.Api", "src\PlainConceptsWebDayMadrid.Api\PlainConceptsWebDayMadrid.Api.csproj", "{FC47246D-BD1A-417D-99F2-EA7DC957B86C}"
EndProject
Project("{FAE04EC0-301F-11D3-BF4B-00C04F79EFBC}") = "PlainConceptsWebDayMadrid.WebHost", "src\PlainConceptsWebDayMadrid.WebHost\PlainConceptsWebDayMadrid.WebHost.csproj", "{9136D4FB-94C5-405F-9BF9-3F3A473709C0}"
EndProject
Global
	GlobalSection(SolutionConfigurationPlatforms) = preSolution
		Debug|Any CPU = Debug|Any CPU
		Release|Any CPU = Release|Any CPU
	EndGlobalSection
	GlobalSection(ProjectConfigurationPlatforms) = postSolution
		{FC47246D-BD1A-417D-99F2-EA7DC957B86C}.Debug|Any CPU.ActiveCfg = Debug|Any CPU
		{FC47246D-BD1A-417D-99F2-EA7DC957B86C}.Debug|Any CPU.Build.0 = Debug|Any CPU
		{FC47246D-BD1A-417D-99F2-EA7DC957B86C}.Release|Any CPU.ActiveCfg = Release|Any CPU
		{FC47246D-BD1A-417D-99F2-EA7DC957B86C}.Release|Any CPU.Build.0 = Release|Any CPU
		{9136D4FB-94C5-405F-9BF9-3F3A473709C0}.Debug|Any CPU.ActiveCfg = Debug|Any CPU
		{9136D4FB-94C5-405F-9BF9-3F3A473709C0}.Debug|Any CPU.Build.0 = Debug|Any CPU
		{9136D4FB-94C5-405F-9BF9-3F3A473709C0}.Release|Any CPU.ActiveCfg = Release|Any CPU
		{9136D4FB-94C5-405F-9BF9-3F3A473709C0}.Release|Any CPU.Build.0 = Release|Any CPU
	EndGlobalSection
	GlobalSection(SolutionProperties) = preSolution
		HideSolutionNode = FALSE
	EndGlobalSection
	GlobalSection(NestedProjects) = preSolution
		{FC47246D-BD1A-417D-99F2-EA7DC957B86C} = {1E175476-9F70-4365-9E5C-7AC5E837DF04}
		{9136D4FB-94C5-405F-9BF9-3F3A473709C0} = {1E175476-9F70-4365-9E5C-7AC5E837DF04}
	EndGlobalSection
	GlobalSection(ExtensibilityGlobals) = postSolution
		SolutionGuid = {931F7A7A-8984-4F6C-8B2C-73F6F432ABD0}
	EndGlobalSection
EndGlobal
